// !$*UTF8*$!
{
	archiveVersion = 1;
	classes = {
	};
	objectVersion = 46;
	objects = {

/* Begin PBXBuildFile section */
		D21FF8D1195BB4F200557418 /* Foundation.framework in Frameworks */ = {isa = PBXBuildFile; fileRef = D21FF8D0195BB4F200557418 /* Foundation.framework */; };
		D21FF8D3195BB4F200557418 /* CoreGraphics.framework in Frameworks */ = {isa = PBXBuildFile; fileRef = D21FF8D2195BB4F200557418 /* CoreGraphics.framework */; };
		D21FF8D5195BB4F200557418 /* UIKit.framework in Frameworks */ = {isa = PBXBuildFile; fileRef = D21FF8D4195BB4F200557418 /* UIKit.framework */; };
		D21FF8DB195BB4F200557418 /* InfoPlist.strings in Resources */ = {isa = PBXBuildFile; fileRef = D21FF8D9195BB4F200557418 /* InfoPlist.strings */; };
		D21FF8DD195BB4F200557418 /* main.m in Sources */ = {isa = PBXBuildFile; fileRef = D21FF8DC195BB4F200557418 /* main.m */; };
		D21FF8E1195BB4F200557418 /* AppDelegate.m in Sources */ = {isa = PBXBuildFile; fileRef = D21FF8E0195BB4F200557418 /* AppDelegate.m */; };
		D21FF8E4195BB4F200557418 /* Main.storyboard in Resources */ = {isa = PBXBuildFile; fileRef = D21FF8E2195BB4F200557418 /* Main.storyboard */; };
		D21FF8E7195BB4F200557418 /* ViewController.m in Sources */ = {isa = PBXBuildFile; fileRef = D21FF8E6195BB4F200557418 /* ViewController.m */; };
		D21FF8E9195BB4F200557418 /* Images.xcassets in Resources */ = {isa = PBXBuildFile; fileRef = D21FF8E8195BB4F200557418 /* Images.xcassets */; };
		D21FF8F0195BB4F300557418 /* XCTest.framework in Frameworks */ = {isa = PBXBuildFile; fileRef = D21FF8EF195BB4F300557418 /* XCTest.framework */; };
		D21FF8F1195BB4F300557418 /* Foundation.framework in Frameworks */ = {isa = PBXBuildFile; fileRef = D21FF8D0195BB4F200557418 /* Foundation.framework */; };
		D21FF8F2195BB4F300557418 /* UIKit.framework in Frameworks */ = {isa = PBXBuildFile; fileRef = D21FF8D4195BB4F200557418 /* UIKit.framework */; };
		D21FF8FA195BB4F300557418 /* InfoPlist.strings in Resources */ = {isa = PBXBuildFile; fileRef = D21FF8F8195BB4F300557418 /* InfoPlist.strings */; };
		D21FF8FC195BB4F300557418 /* kadai0626Tests.m in Sources */ = {isa = PBXBuildFile; fileRef = D21FF8FB195BB4F300557418 /* kadai0626Tests.m */; };
		D21FF98B195BEE9400557418 /* TableViewController.m in Sources */ = {isa = PBXBuildFile; fileRef = D21FF98A195BEE9400557418 /* TableViewController.m */; };
		D2276CE4195CF20C007E042F /* Default 2.png in Resources */ = {isa = PBXBuildFile; fileRef = D2276CE2195CF20C007E042F /* Default 2.png */; };
		D2276CE5195CF20C007E042F /* Default 3.png in Resources */ = {isa = PBXBuildFile; fileRef = D2276CE3195CF20C007E042F /* Default 3.png */; };
/* End PBXBuildFile section */

/* Begin PBXContainerItemProxy section */
		D21FF8F3195BB4F300557418 /* PBXContainerItemProxy */ = {
			isa = PBXContainerItemProxy;
			containerPortal = D21FF8C5195BB4F200557418 /* Project object */;
			proxyType = 1;
			remoteGlobalIDString = D21FF8CC195BB4F200557418;
			remoteInfo = kadai0626;
		};
/* End PBXContainerItemProxy section */

/* Begin PBXFileReference section */
		D21FF8CD195BB4F200557418 /* kadai0626.app */ = {isa = PBXFileReference; explicitFileType = wrapper.application; includeInIndex = 0; path = kadai0626.app; sourceTree = BUILT_PRODUCTS_DIR; };
		D21FF8D0195BB4F200557418 /* Foundation.framework */ = {isa = PBXFileReference; lastKnownFileType = wrapper.framework; name = Foundation.framework; path = System/Library/Frameworks/Foundation.framework; sourceTree = SDKROOT; };
		D21FF8D2195BB4F200557418 /* CoreGraphics.framework */ = {isa = PBXFileReference; lastKnownFileType = wrapper.framework; name = CoreGraphics.framework; path = System/Library/Frameworks/CoreGraphics.framework; sourceTree = SDKROOT; };
		D21FF8D4195BB4F200557418 /* UIKit.framework */ = {isa = PBXFileReference; lastKnownFileType = wrapper.framework; name = UIKit.framework; path = System/Library/Frameworks/UIKit.framework; sourceTree = SDKROOT; };
		D21FF8D8195BB4F200557418 /* kadai0626-Info.plist */ = {isa = PBXFileReference; lastKnownFileType = text.plist.xml; path = "kadai0626-Info.plist"; sourceTree = "<group>"; };
		D21FF8DA195BB4F200557418 /* en */ = {isa = PBXFileReference; lastKnownFileType = text.plist.strings; name = en; path = en.lproj/InfoPlist.strings; sourceTree = "<group>"; };
		D21FF8DC195BB4F200557418 /* main.m */ = {isa = PBXFileReference; lastKnownFileType = sourcecode.c.objc; path = main.m; sourceTree = "<group>"; };
		D21FF8DE195BB4F200557418 /* kadai0626-Prefix.pch */ = {isa = PBXFileReference; lastKnownFileType = sourcecode.c.h; path = "kadai0626-Prefix.pch"; sourceTree = "<group>"; };
		D21FF8DF195BB4F200557418 /* AppDelegate.h */ = {isa = PBXFileReference; lastKnownFileType = sourcecode.c.h; path = AppDelegate.h; sourceTree = "<group>"; };
		D21FF8E0195BB4F200557418 /* AppDelegate.m */ = {isa = PBXFileReference; lastKnownFileType = sourcecode.c.objc; path = AppDelegate.m; sourceTree = "<group>"; };
		D21FF8E3195BB4F200557418 /* Base */ = {isa = PBXFileReference; lastKnownFileType = file.storyboard; name = Base; path = Base.lproj/Main.storyboard; sourceTree = "<group>"; };
		D21FF8E5195BB4F200557418 /* ViewController.h */ = {isa = PBXFileReference; lastKnownFileType = sourcecode.c.h; path = ViewController.h; sourceTree = "<group>"; };
		D21FF8E6195BB4F200557418 /* ViewController.m */ = {isa = PBXFileReference; lastKnownFileType = sourcecode.c.objc; path = ViewController.m; sourceTree = "<group>"; };
		D21FF8E8195BB4F200557418 /* Images.xcassets */ = {isa = PBXFileReference; lastKnownFileType = folder.assetcatalog; path = Images.xcassets; sourceTree = "<group>"; };
		D21FF8EE195BB4F300557418 /* kadai0626Tests.xctest */ = {isa = PBXFileReference; explicitFileType = wrapper.cfbundle; includeInIndex = 0; path = kadai0626Tests.xctest; sourceTree = BUILT_PRODUCTS_DIR; };
		D21FF8EF195BB4F300557418 /* XCTest.framework */ = {isa = PBXFileReference; lastKnownFileType = wrapper.framework; name = XCTest.framework; path = Library/Frameworks/XCTest.framework; sourceTree = DEVELOPER_DIR; };
		D21FF8F7195BB4F300557418 /* kadai0626Tests-Info.plist */ = {isa = PBXFileReference; lastKnownFileType = text.plist.xml; path = "kadai0626Tests-Info.plist"; sourceTree = "<group>"; };
		D21FF8F9195BB4F300557418 /* en */ = {isa = PBXFileReference; lastKnownFileType = text.plist.strings; name = en; path = en.lproj/InfoPlist.strings; sourceTree = "<group>"; };
		D21FF8FB195BB4F300557418 /* kadai0626Tests.m */ = {isa = PBXFileReference; lastKnownFileType = sourcecode.c.objc; path = kadai0626Tests.m; sourceTree = "<group>"; };
		D21FF989195BEE9400557418 /* TableViewController.h */ = {isa = PBXFileReference; fileEncoding = 4; lastKnownFileType = sourcecode.c.h; path = TableViewController.h; sourceTree = "<group>"; };
		D21FF98A195BEE9400557418 /* TableViewController.m */ = {isa = PBXFileReference; fileEncoding = 4; lastKnownFileType = sourcecode.c.objc; path = TableViewController.m; sourceTree = "<group>"; };
		D2276CE2195CF20C007E042F /* Default 2.png */ = {isa = PBXFileReference; lastKnownFileType = image.png; path = "Default 2.png"; sourceTree = "<group>"; };
		D2276CE3195CF20C007E042F /* Default 3.png */ = {isa = PBXFileReference; lastKnownFileType = image.png; path = "Default 3.png"; sourceTree = "<group>"; };
/* End PBXFileReference section */

/* Begin PBXFrameworksBuildPhase section */
		D21FF8CA195BB4F200557418 /* Frameworks */ = {
			isa = PBXFrameworksBuildPhase;
			buildActionMask = 2147483647;
			files = (
				D21FF8D3195BB4F200557418 /* CoreGraphics.framework in Frameworks */,
				D21FF8D5195BB4F200557418 /* UIKit.framework in Frameworks */,
				D21FF8D1195BB4F200557418 /* Foundation.framework in Frameworks */,
			);
			runOnlyForDeploymentPostprocessing = 0;
		};
		D21FF8EB195BB4F300557418 /* Frameworks */ = {
			isa = PBXFrameworksBuildPhase;
			buildActionMask = 2147483647;
			files = (
				D21FF8F0195BB4F300557418 /* XCTest.framework in Frameworks */,
				D21FF8F2195BB4F300557418 /* UIKit.framework in Frameworks */,
				D21FF8F1195BB4F300557418 /* Foundation.framework in Frameworks */,
			);
			runOnlyForDeploymentPostprocessing = 0;
		};
/* End PBXFrameworksBuildPhase section */

/* Begin PBXGroup section */
		D21FF8C4195BB4F200557418 = {
			isa = PBXGroup;
			children = (
				D21FF8D6195BB4F200557418 /* kadai0626 */,
				D21FF8F5195BB4F300557418 /* kadai0626Tests */,
				D21FF8CF195BB4F200557418 /* Frameworks */,
				D21FF8CE195BB4F200557418 /* Products */,
			);
			sourceTree = "<group>";
		};
		D21FF8CE195BB4F200557418 /* Products */ = {
			isa = PBXGroup;
			children = (
				D21FF8CD195BB4F200557418 /* kadai0626.app */,
				D21FF8EE195BB4F300557418 /* kadai0626Tests.xctest */,
			);
			name = Products;
			sourceTree = "<group>";
		};
		D21FF8CF195BB4F200557418 /* Frameworks */ = {
			isa = PBXGroup;
			children = (
				D21FF8D0195BB4F200557418 /* Foundation.framework */,
				D21FF8D2195BB4F200557418 /* CoreGraphics.framework */,
				D21FF8D4195BB4F200557418 /* UIKit.framework */,
				D21FF8EF195BB4F300557418 /* XCTest.framework */,
			);
			name = Frameworks;
			sourceTree = "<group>";
		};
		D21FF8D6195BB4F200557418 /* kadai0626 */ = {
			isa = PBXGroup;
			children = (
				D21FF8DF195BB4F200557418 /* AppDelegate.h */,
				D21FF8E0195BB4F200557418 /* AppDelegate.m */,
				D21FF8E2195BB4F200557418 /* Main.storyboard */,
				D21FF8E5195BB4F200557418 /* ViewController.h */,
				D21FF8E6195BB4F200557418 /* ViewController.m */,
				D21FF989195BEE9400557418 /* TableViewController.h */,
				D21FF98A195BEE9400557418 /* TableViewController.m */,
				D21FF8E8195BB4F200557418 /* Images.xcassets */,
				D21FF8D7195BB4F200557418 /* Supporting Files */,
			);
			path = kadai0626;
			sourceTree = "<group>";
		};
		D21FF8D7195BB4F200557418 /* Supporting Files */ = {
			isa = PBXGroup;
			children = (
				D2276CE2195CF20C007E042F /* Default 2.png */,
				D2276CE3195CF20C007E042F /* Default 3.png */,
				D21FF8D8195BB4F200557418 /* kadai0626-Info.plist */,
				D21FF8D9195BB4F200557418 /* InfoPlist.strings */,
				D21FF8DC195BB4F200557418 /* main.m */,
				D21FF8DE195BB4F200557418 /* kadai0626-Prefix.pch */,
			);
			name = "Supporting Files";
			sourceTree = "<group>";
		};
		D21FF8F5195BB4F300557418 /* kadai0626Tests */ = {
			isa = PBXGroup;
			children = (
				D21FF8FB195BB4F300557418 /* kadai0626Tests.m */,
				D21FF8F6195BB4F300557418 /* Supporting Files */,
			);
			path = kadai0626Tests;
			sourceTree = "<group>";
		};
		D21FF8F6195BB4F300557418 /* Supporting Files */ = {
			isa = PBXGroup;
			children = (
				D21FF8F7195BB4F300557418 /* kadai0626Tests-Info.plist */,
				D21FF8F8195BB4F300557418 /* InfoPlist.strings */,
			);
			name = "Supporting Files";
			sourceTree = "<group>";
		};
/* End PBXGroup section */

/* Begin PBXNativeTarget section */
		D21FF8CC195BB4F200557418 /* kadai0626 */ = {
			isa = PBXNativeTarget;
			buildConfigurationList = D21FF8FF195BB4F300557418 /* Build configuration list for PBXNativeTarget "kadai0626" */;
			buildPhases = (
				D21FF8C9195BB4F200557418 /* Sources */,
				D21FF8CA195BB4F200557418 /* Frameworks */,
				D21FF8CB195BB4F200557418 /* Resources */,
			);
			buildRules = (
			);
			dependencies = (
			);
			name = kadai0626;
			productName = kadai0626;
			productReference = D21FF8CD195BB4F200557418 /* kadai0626.app */;
			productType = "com.apple.product-type.application";
		};
		D21FF8ED195BB4F300557418 /* kadai0626Tests */ = {
			isa = PBXNativeTarget;
			buildConfigurationList = D21FF902195BB4F300557418 /* Build configuration list for PBXNativeTarget "kadai0626Tests" */;
			buildPhases = (
				D21FF8EA195BB4F300557418 /* Sources */,
				D21FF8EB195BB4F300557418 /* Frameworks */,
				D21FF8EC195BB4F300557418 /* Resources */,
			);
			buildRules = (
			);
			dependencies = (
				D21FF8F4195BB4F300557418 /* PBXTargetDependency */,
			);
			name = kadai0626Tests;
			productName = kadai0626Tests;
			productReference = D21FF8EE195BB4F300557418 /* kadai0626Tests.xctest */;
			productType = "com.apple.product-type.bundle.unit-test";
		};
/* End PBXNativeTarget section */

/* Begin PBXProject section */
		D21FF8C5195BB4F200557418 /* Project object */ = {
			isa = PBXProject;
			attributes = {
				LastUpgradeCheck = 0510;
				ORGANIZATIONNAME = mycompany;
				TargetAttributes = {
					D21FF8ED195BB4F300557418 = {
						TestTargetID = D21FF8CC195BB4F200557418;
					};
				};
			};
			buildConfigurationList = D21FF8C8195BB4F200557418 /* Build configuration list for PBXProject "kadai0626" */;
			compatibilityVersion = "Xcode 3.2";
			developmentRegion = English;
			hasScannedForEncodings = 0;
			knownRegions = (
				en,
				Base,
			);
			mainGroup = D21FF8C4195BB4F200557418;
			productRefGroup = D21FF8CE195BB4F200557418 /* Products */;
			projectDirPath = "";
			projectRoot = "";
			targets = (
				D21FF8CC195BB4F200557418 /* kadai0626 */,
				D21FF8ED195BB4F300557418 /* kadai0626Tests */,
			);
		};
/* End PBXProject section */

/* Begin PBXResourcesBuildPhase section */
		D21FF8CB195BB4F200557418 /* Resources */ = {
			isa = PBXResourcesBuildPhase;
			buildActionMask = 2147483647;
			files = (
				D21FF8E9195BB4F200557418 /* Images.xcassets in Resources */,
				D21FF8DB195BB4F200557418 /* InfoPlist.strings in Resources */,
				D21FF8E4195BB4F200557418 /* Main.storyboard in Resources */,
				D2276CE4195CF20C007E042F /* Default 2.png in Resources */,
				D2276CE5195CF20C007E042F /* Default 3.png in Resources */,
			);
			runOnlyForDeploymentPostprocessing = 0;
		};
		D21FF8EC195BB4F300557418 /* Resources */ = {
			isa = PBXResourcesBuildPhase;
			buildActionMask = 2147483647;
			files = (
				D21FF8FA195BB4F300557418 /* InfoPlist.strings in Resources */,
			);
			runOnlyForDeploymentPostprocessing = 0;
		};
/* End PBXResourcesBuildPhase section */

/* Begin PBXSourcesBuildPhase section */
		D21FF8C9195BB4F200557418 /* Sources */ = {
			isa = PBXSourcesBuildPhase;
			buildActionMask = 2147483647;
			files = (
				D21FF8E7195BB4F200557418 /* ViewController.m in Sources */,
				D21FF8E1195BB4F200557418 /* AppDelegate.m in Sources */,
				D21FF8DD195BB4F200557418 /* main.m in Sources */,
				D21FF98B195BEE9400557418 /* TableViewController.m in Sources */,
			);
			runOnlyForDeploymentPostprocessing = 0;
		};
		D21FF8EA195BB4F300557418 /* Sources */ = {
			isa = PBXSourcesBuildPhase;
			buildActionMask = 2147483647;
			files = (
				D21FF8FC195BB4F300557418 /* kadai0626Tests.m in Sources */,
			);
			runOnlyForDeploymentPostprocessing = 0;
		};
/* End PBXSourcesBuildPhase section */

/* Begin PBXTargetDependency section */
		D21FF8F4195BB4F300557418 /* PBXTargetDependency */ = {
			isa = PBXTargetDependency;
			target = D21FF8CC195BB4F200557418 /* kadai0626 */;
			targetProxy = D21FF8F3195BB4F300557418 /* PBXContainerItemProxy */;
		};
/* End PBXTargetDependency section */

/* Begin PBXVariantGroup section */
		D21FF8D9195BB4F200557418 /* InfoPlist.strings */ = {
			isa = PBXVariantGroup;
			children = (
				D21FF8DA195BB4F200557418 /* en */,
			);
			name = InfoPlist.strings;
			sourceTree = "<group>";
		};
		D21FF8E2195BB4F200557418 /* Main.storyboard */ = {
			isa = PBXVariantGroup;
			children = (
				D21FF8E3195BB4F200557418 /* Base */,
			);
			name = Main.storyboard;
			sourceTree = "<group>";
		};
		D21FF8F8195BB4F300557418 /* InfoPlist.strings */ = {
			isa = PBXVariantGroup;
			children = (
				D21FF8F9195BB4F300557418 /* en */,
			);
			name = InfoPlist.strings;
			sourceTree = "<group>";
		};
/* End PBXVariantGroup section */

/* Begin XCBuildConfiguration section */
		D21FF8FD195BB4F300557418 /* Debug */ = {
			isa = XCBuildConfiguration;
			buildSettings = {
				ALWAYS_SEARCH_USER_PATHS = NO;
				CLANG_CXX_LANGUAGE_STANDARD = "gnu++0x";
				CLANG_CXX_LIBRARY = "libc++";
				CLANG_ENABLE_MODULES = YES;
				CLANG_ENABLE_OBJC_ARC = YES;
				CLANG_WARN_BOOL_CONVERSION = YES;
				CLANG_WARN_CONSTANT_CONVERSION = YES;
				CLANG_WARN_DIRECT_OBJC_ISA_USAGE = YES_ERROR;
				CLANG_WARN_EMPTY_BODY = YES;
				CLANG_WARN_ENUM_CONVERSION = YES;
				CLANG_WARN_INT_CONVERSION = YES;
				CLANG_WARN_OBJC_ROOT_CLASS = YES_ERROR;
				CLANG_WARN__DUPLICATE_METHOD_MATCH = YES;
				"CODE_SIGN_IDENTITY[sdk=iphoneos*]" = "iPhone Developer";
				COPY_PHASE_STRIP = NO;
				GCC_C_LANGUAGE_STANDARD = gnu99;
				GCC_DYNAMIC_NO_PIC = NO;
				GCC_OPTIMIZATION_LEVEL = 0;
				GCC_PREPROCESSOR_DEFINITIONS = (
					"DEBUG=1",
					"$(inherited)",
				);
				GCC_SYMBOLS_PRIVATE_EXTERN = NO;
				GCC_WARN_64_TO_32_BIT_CONVERSION = YES;
				GCC_WARN_ABOUT_RETURN_TYPE = YES_ERROR;
				GCC_WARN_UNDECLARED_SELECTOR = YES;
				GCC_WARN_UNINITIALIZED_AUTOS = YES_AGGRESSIVE;
				GCC_WARN_UNUSED_FUNCTION = YES;
				GCC_WARN_UNUSED_VARIABLE = YES;
				IPHONEOS_DEPLOYMENT_TARGET = 7.1;
				ONLY_ACTIVE_ARCH = YES;
				SDKROOT = iphoneos;
			};
			name = Debug;
		};
		D21FF8FE195BB4F300557418 /* Release */ = {
			isa = XCBuildConfiguration;
			buildSettings = {
				ALWAYS_SEARCH_USER_PATHS = NO;
				CLANG_CXX_LANGUAGE_STANDARD = "gnu++0x";
				CLANG_CXX_LIBRARY = "libc++";
				CLANG_ENABLE_MODULES = YES;
				CLANG_ENABLE_OBJC_ARC = YES;
				CLANG_WARN_BOOL_CONVERSION = YES;
				CLANG_WARN_CONSTANT_CONVERSION = YES;
				CLANG_WARN_DIRECT_OBJC_ISA_USAGE = YES_ERROR;
				CLANG_WARN_EMPTY_BODY = YES;
				CLANG_WARN_ENUM_CONVERSION = YES;
				CLANG_WARN_INT_CONVERSION = YES;
				CLANG_WARN_OBJC_ROOT_CLASS = YES_ERROR;
				CLANG_WARN__DUPLICATE_METHOD_MATCH = YES;
				"CODE_SIGN_IDENTITY[sdk=iphoneos*]" = "iPhone Developer";
				COPY_PHASE_STRIP = YES;
				ENABLE_NS_ASSERTIONS = NO;
				GCC_C_LANGUAGE_STANDARD = gnu99;
				GCC_WARN_64_TO_32_BIT_CONVERSION = YES;
				GCC_WARN_ABOUT_RETURN_TYPE = YES_ERROR;
				GCC_WARN_UNDECLARED_SELECTOR = YES;
				GCC_WARN_UNINITIALIZED_AUTOS = YES_AGGRESSIVE;
				GCC_WARN_UNUSED_FUNCTION = YES;
				GCC_WARN_UNUSED_VARIABLE = YES;
				IPHONEOS_DEPLOYMENT_TARGET = 7.1;
				SDKROOT = iphoneos;
				VALIDATE_PRODUCT = YES;
			};
			name = Release;
		};
		D21FF900195BB4F300557418 /* Debug */ = {
			isa = XCBuildConfiguration;
			buildSettings = {
				ASSETCATALOG_COMPILER_APPICON_NAME = AppIcon;
				ASSETCATALOG_COMPILER_LAUNCHIMAGE_NAME = LaunchImage;
				GCC_PRECOMPILE_PREFIX_HEADER = YES;
				GCC_PREFIX_HEADER = "kadai0626/kadai0626-Prefix.pch";
				INFOPLIST_FILE = "kadai0626/kadai0626-Info.plist";
				PRODUCT_NAME = "$(TARGET_NAME)";
				WRAPPER_EXTENSION = app;
			};
			name = Debug;
		};
		D21FF901195BB4F300557418 /* Release */ = {
			isa = XCBuildConfiguration;
			buildSettings = {
				ASSETCATALOG_COMPILER_APPICON_NAME = AppIcon;
				ASSETCATALOG_COMPILER_LAUNCHIMAGE_NAME = LaunchImage;
				GCC_PRECOMPILE_PREFIX_HEADER = YES;
				GCC_PREFIX_HEADER = "kadai0626/kadai0626-Prefix.pch";
				INFOPLIST_FILE = "kadai0626/kadai0626-Info.plist";
				PRODUCT_NAME = "$(TARGET_NAME)";
				WRAPPER_EXTENSION = app;
			};
			name = Release;
		};
		D21FF903195BB4F300557418 /* Debug */ = {
			isa = XCBuildConfiguration;
			buildSettings = {
				BUNDLE_LOADER = "$(BUILT_PRODUCTS_DIR)/kadai0626.app/kadai0626";
				FRAMEWORK_SEARCH_PATHS = (
					"$(SDKROOT)/Developer/Library/Frameworks",
					"$(inherited)",
					"$(DEVELOPER_FRAMEWORKS_DIR)",
				);
				GCC_PRECOMPILE_PREFIX_HEADER = YES;
				GCC_PREFIX_HEADER = "kadai0626/kadai0626-Prefix.pch";
				GCC_PREPROCESSOR_DEFINITIONS = (
					"DEBUG=1",
					"$(inherited)",
				);
				INFOPLIST_FILE = "kadai0626Tests/kadai0626Tests-Info.plist";
				PRODUCT_NAME = "$(TARGET_NAME)";
				TEST_HOST = "$(BUNDLE_LOADER)";
				WRAPPER_EXTENSION = xctest;
			};
			name = Debug;
		};
		D21FF904195BB4F300557418 /* Release */ = {
			isa = XCBuildConfiguration;
			buildSettings = {
				BUNDLE_LOADER = "$(BUILT_PRODUCTS_DIR)/kadai0626.app/kadai0626";
				FRAMEWORK_SEARCH_PATHS = (
					"$(SDKROOT)/Developer/Library/Frameworks",
					"$(inherited)",
					"$(DEVELOPER_FRAMEWORKS_DIR)",
				);
				GCC_PRECOMPILE_PREFIX_HEADER = YES;
				GCC_PREFIX_HEADER = "kadai0626/kadai0626-Prefix.pch";
				INFOPLIST_FILE = "kadai0626Tests/kadai0626Tests-Info.plist";
				PRODUCT_NAME = "$(TARGET_NAME)";
				TEST_HOST = "$(BUNDLE_LOADER)";
				WRAPPER_EXTENSION = xctest;
			};
			name = Release;
		};
/* End XCBuildConfiguration section */

/* Begin XCConfigurationList section */
		D21FF8C8195BB4F200557418 /* Build configuration list for PBXProject "kadai0626" */ = {
			isa = XCConfigurationList;
			buildConfigurations = (
				D21FF8FD195BB4F300557418 /* Debug */,
				D21FF8FE195BB4F300557418 /* Release */,
			);
			defaultConfigurationIsVisible = 0;
			defaultConfigurationName = Release;
		};
		D21FF8FF195BB4F300557418 /* Build configuration list for PBXNativeTarget "kadai0626" */ = {
			isa = XCConfigurationList;
			buildConfigurations = (
				D21FF900195BB4F300557418 /* Debug */,
				D21FF901195BB4F300557418 /* Release */,
			);
			defaultConfigurationIsVisible = 0;
			defaultConfigurationName = Release;
		};
		D21FF902195BB4F300557418 /* Build configuration list for PBXNativeTarget "kadai0626Tests" */ = {
			isa = XCConfigurationList;
			buildConfigurations = (
				D21FF903195BB4F300557418 /* Debug */,
				D21FF904195BB4F300557418 /* Release */,
			);
			defaultConfigurationIsVisible = 0;
			defaultConfigurationName = Release;
		};
/* End XCConfigurationList section */
	};
	rootObject = D21FF8C5195BB4F200557418 /* Project object */;
}
